// !$*UTF8*$!
{
	archiveVersion = 1;
	classes = {
	};
	objectVersion = 46;
	objects = {

/* Begin PBXBuildFile section */
		104D30E61F5C5CC30092D139 /* ChickenBurger.m in Sources */ = {isa = PBXBuildFile; fileRef = 104D30E51F5C5CC30092D139 /* ChickenBurger.m */; };
		104D30E91F5C5DA60092D139 /* Condiment.m in Sources */ = {isa = PBXBuildFile; fileRef = 104D30E81F5C5DA60092D139 /* Condiment.m */; };
		104D30EC1F5C5E290092D139 /* Chilli.m in Sources */ = {isa = PBXBuildFile; fileRef = 104D30EB1F5C5E290092D139 /* Chilli.m */; };
		104D30EF1F5C5FB00092D139 /* Egg.m in Sources */ = {isa = PBXBuildFile; fileRef = 104D30EE1F5C5FB00092D139 /* Egg.m */; };
		104D30F31F5DB1010092D139 /* Circle.m in Sources */ = {isa = PBXBuildFile; fileRef = 104D30F21F5DB1010092D139 /* Circle.m */; };
		104D30F61F5DB19F0092D139 /* FlyweightFactory.m in Sources */ = {isa = PBXBuildFile; fileRef = 104D30F51F5DB19F0092D139 /* FlyweightFactory.m */; };
		104D30FA1F5DBAB70092D139 /* TrainStation.m in Sources */ = {isa = PBXBuildFile; fileRef = 104D30F91F5DBAB70092D139 /* TrainStation.m */; };
		104D30FD1F5DBAF90092D139 /* TicketOutlets.m in Sources */ = {isa = PBXBuildFile; fileRef = 104D30FC1F5DBAF90092D139 /* TicketOutlets.m */; };
		104D31041F619F8B0092D139 /* Manager.m in Sources */ = {isa = PBXBuildFile; fileRef = 104D31031F619F8B0092D139 /* Manager.m */; };
		104D31071F619F9D0092D139 /* CEO.m in Sources */ = {isa = PBXBuildFile; fileRef = 104D31061F619F9D0092D139 /* CEO.m */; };
		104D310A1F61A0FC0092D139 /* CTO.m in Sources */ = {isa = PBXBuildFile; fileRef = 104D31091F61A0FC0092D139 /* CTO.m */; };
		104D310D1F61A27B0092D139 /* PM.m in Sources */ = {isa = PBXBuildFile; fileRef = 104D310C1F61A27B0092D139 /* PM.m */; };
		104FB0011F55BE1A00085793 /* SpeakEnglish.m in Sources */ = {isa = PBXBuildFile; fileRef = 104FB0001F55BE1A00085793 /* SpeakEnglish.m */; };
		104FB0041F55BE2400085793 /* SpeakChinese.m in Sources */ = {isa = PBXBuildFile; fileRef = 104FB0031F55BE2400085793 /* SpeakChinese.m */; };
		104FB0081F55C07C00085793 /* Translator.m in Sources */ = {isa = PBXBuildFile; fileRef = 104FB0071F55C07C00085793 /* Translator.m */; };
		104FB00F1F55CBB800085793 /* MyModule.m in Sources */ = {isa = PBXBuildFile; fileRef = 104FB00E1F55CBB800085793 /* MyModule.m */; };
		104FB0121F55CBEB00085793 /* ChatModule.m in Sources */ = {isa = PBXBuildFile; fileRef = 104FB0111F55CBEB00085793 /* ChatModule.m */; };
		104FB0161F55CC7800085793 /* RedTheme.m in Sources */ = {isa = PBXBuildFile; fileRef = 104FB0151F55CC7800085793 /* RedTheme.m */; };
		104FB0191F55CC8700085793 /* BlueTheme.m in Sources */ = {isa = PBXBuildFile; fileRef = 104FB0181F55CC8700085793 /* BlueTheme.m */; };
		104FB01C1F55CDC200085793 /* Module.m in Sources */ = {isa = PBXBuildFile; fileRef = 104FB01B1F55CDC200085793 /* Module.m */; };
		104FB0211F55CF1300085793 /* Theme.m in Sources */ = {isa = PBXBuildFile; fileRef = 104FB0201F55CF1300085793 /* Theme.m */; };
		104FB0241F599A2F00085793 /* HouseManager.m in Sources */ = {isa = PBXBuildFile; fileRef = 104FB0231F599A2F00085793 /* HouseManager.m */; };
		104FB0271F599A3900085793 /* Light.m in Sources */ = {isa = PBXBuildFile; fileRef = 104FB0261F599A3900085793 /* Light.m */; };
		104FB02A1F599A6000085793 /* Curtain.m in Sources */ = {isa = PBXBuildFile; fileRef = 104FB0291F599A6000085793 /* Curtain.m */; };
		1079389D1F3B7529000F287A /* main.m in Sources */ = {isa = PBXBuildFile; fileRef = 1079389C1F3B7529000F287A /* main.m */; };
		109400321F3CC4B70026A0BB /* Employee.m in Sources */ = {isa = PBXBuildFile; fileRef = 109400311F3CC4B70026A0BB /* Employee.m */; };
		109400351F3CC62E0026A0BB /* Company.m in Sources */ = {isa = PBXBuildFile; fileRef = 109400341F3CC62E0026A0BB /* Company.m */; };
		109400381F41DF430026A0BB /* EmployeeDeepCopy.m in Sources */ = {isa = PBXBuildFile; fileRef = 109400371F41DF430026A0BB /* EmployeeDeepCopy.m */; };
		1094003B1F41DF5A0026A0BB /* EmployeeShallowCopy.m in Sources */ = {isa = PBXBuildFile; fileRef = 1094003A1F41DF5A0026A0BB /* EmployeeShallowCopy.m */; };
		109400481F42025E0026A0BB /* Singleton.m in Sources */ = {isa = PBXBuildFile; fileRef = 109400471F42025E0026A0BB /* Singleton.m */; };
		10D3852E1F4497020095A417 /* Human.m in Sources */ = {isa = PBXBuildFile; fileRef = 10D3852D1F4497020095A417 /* Human.m */; };
		10D385351F4497120095A417 /* BlackHuman.m in Sources */ = {isa = PBXBuildFile; fileRef = 10D385301F4497120095A417 /* BlackHuman.m */; };
		10D385361F4497120095A417 /* WhiteHuman.m in Sources */ = {isa = PBXBuildFile; fileRef = 10D385321F4497120095A417 /* WhiteHuman.m */; };
		10D385371F4497120095A417 /* YellowHuman.m in Sources */ = {isa = PBXBuildFile; fileRef = 10D385341F4497120095A417 /* YellowHuman.m */; };
		10D3853A1F44971B0095A417 /* NuWa.m in Sources */ = {isa = PBXBuildFile; fileRef = 10D385391F44971B0095A417 /* NuWa.m */; };
		10D3853D1F4497260095A417 /* WhiteHumanFactory.m in Sources */ = {isa = PBXBuildFile; fileRef = 10D3853C1F4497260095A417 /* WhiteHumanFactory.m */; };
		10D385401F4497C30095A417 /* YellowHumanFactory.m in Sources */ = {isa = PBXBuildFile; fileRef = 10D3853F1F4497C30095A417 /* YellowHumanFactory.m */; };
		10D385441F4499330095A417 /* BlackHumanFactory.m in Sources */ = {isa = PBXBuildFile; fileRef = 10D385431F4499330095A417 /* BlackHumanFactory.m */; };
		10D385C91F4B2DD20095A417 /* WoodDoor.m in Sources */ = {isa = PBXBuildFile; fileRef = 10D385C81F4B2DD20095A417 /* WoodDoor.m */; };
		10D385CC1F4B2DF80095A417 /* IronDoor.m in Sources */ = {isa = PBXBuildFile; fileRef = 10D385CB1F4B2DF80095A417 /* IronDoor.m */; };
		10D385D31F4B2E890095A417 /* WoodDoorInstaller.m in Sources */ = {isa = PBXBuildFile; fileRef = 10D385D21F4B2E890095A417 /* WoodDoorInstaller.m */; };
		10D385D61F4B2E950095A417 /* IronDoorInstaller.m in Sources */ = {isa = PBXBuildFile; fileRef = 10D385D51F4B2E950095A417 /* IronDoorInstaller.m */; };
		10D385DC1F4B32870095A417 /* WoodDoorFactory.m in Sources */ = {isa = PBXBuildFile; fileRef = 10D385DB1F4B32870095A417 /* WoodDoorFactory.m */; };
		10D385DF1F4B32F70095A417 /* IronDoorFactory.m in Sources */ = {isa = PBXBuildFile; fileRef = 10D385DE1F4B32F70095A417 /* IronDoorFactory.m */; };
		10D385E21F4B34010095A417 /* Door.m in Sources */ = {isa = PBXBuildFile; fileRef = 10D385E11F4B34010095A417 /* Door.m */; };
		10D385E51F4B343B0095A417 /* DoorInstaller.m in Sources */ = {isa = PBXBuildFile; fileRef = 10D385E41F4B343B0095A417 /* DoorInstaller.m */; };
		10D385E81F4B3EA90095A417 /* HandWheatCake.m in Sources */ = {isa = PBXBuildFile; fileRef = 10D385E71F4B3EA90095A417 /* HandWheatCake.m */; };
		10D385EF1F4B41BF0095A417 /* FiveYuanNoSpicyBuild.m in Sources */ = {isa = PBXBuildFile; fileRef = 10D385EE1F4B41BF0095A417 /* FiveYuanNoSpicyBuild.m */; };
		10D385F21F4B42BD0095A417 /* TenYuanAbnormalSpicyBuild.m in Sources */ = {isa = PBXBuildFile; fileRef = 10D385F11F4B42BD0095A417 /* TenYuanAbnormalSpicyBuild.m */; };
		10D385F51F4B43A80095A417 /* Seller.m in Sources */ = {isa = PBXBuildFile; fileRef = 10D385F41F4B43A80095A417 /* Seller.m */; };
		2473BFF91F59108D0018E4A3 /* Folder.m in Sources */ = {isa = PBXBuildFile; fileRef = 2473BFF81F59108D0018E4A3 /* Folder.m */; };
		2473BFFF1F592A120018E4A3 /* HeaderFile.m in Sources */ = {isa = PBXBuildFile; fileRef = 2473BFFE1F592A120018E4A3 /* HeaderFile.m */; };
		2473C0041F592A910018E4A3 /* ImplementationFile.m in Sources */ = {isa = PBXBuildFile; fileRef = 2473C0031F592A910018E4A3 /* ImplementationFile.m */; };
		2473C0071F592BB20018E4A3 /* File.m in Sources */ = {isa = PBXBuildFile; fileRef = 2473C0061F592BB20018E4A3 /* File.m */; };
/* End PBXBuildFile section */

/* Begin PBXCopyFilesBuildPhase section */
		107938971F3B7529000F287A /* CopyFiles */ = {
			isa = PBXCopyFilesBuildPhase;
			buildActionMask = 2147483647;
			dstPath = /usr/share/man/man1/;
			dstSubfolderSpec = 0;
			files = (
			);
			runOnlyForDeploymentPostprocessing = 1;
		};
/* End PBXCopyFilesBuildPhase section */

/* Begin PBXFileReference section */
		104D30E31F5C5C740092D139 /* Humburger.h */ = {isa = PBXFileReference; fileEncoding = 4; lastKnownFileType = sourcecode.c.h; path = Humburger.h; sourceTree = "<group>"; };
		104D30E41F5C5CC30092D139 /* ChickenBurger.h */ = {isa = PBXFileReference; fileEncoding = 4; lastKnownFileType = sourcecode.c.h; path = ChickenBurger.h; sourceTree = "<group>"; };
		104D30E51F5C5CC30092D139 /* ChickenBurger.m */ = {isa = PBXFileReference; fileEncoding = 4; lastKnownFileType = sourcecode.c.objc; path = ChickenBurger.m; sourceTree = "<group>"; };
		104D30E71F5C5DA60092D139 /* Condiment.h */ = {isa = PBXFileReference; fileEncoding = 4; lastKnownFileType = sourcecode.c.h; path = Condiment.h; sourceTree = "<group>"; };
		104D30E81F5C5DA60092D139 /* Condiment.m */ = {isa = PBXFileReference; fileEncoding = 4; lastKnownFileType = sourcecode.c.objc; path = Condiment.m; sourceTree = "<group>"; };
		104D30EA1F5C5E290092D139 /* Chilli.h */ = {isa = PBXFileReference; fileEncoding = 4; lastKnownFileType = sourcecode.c.h; path = Chilli.h; sourceTree = "<group>"; };
		104D30EB1F5C5E290092D139 /* Chilli.m */ = {isa = PBXFileReference; fileEncoding = 4; lastKnownFileType = sourcecode.c.objc; path = Chilli.m; sourceTree = "<group>"; };
		104D30ED1F5C5FB00092D139 /* Egg.h */ = {isa = PBXFileReference; fileEncoding = 4; lastKnownFileType = sourcecode.c.h; path = Egg.h; sourceTree = "<group>"; };
		104D30EE1F5C5FB00092D139 /* Egg.m */ = {isa = PBXFileReference; fileEncoding = 4; lastKnownFileType = sourcecode.c.objc; path = Egg.m; sourceTree = "<group>"; };
		104D30F01F5DB0CE0092D139 /* Shape.h */ = {isa = PBXFileReference; fileEncoding = 4; lastKnownFileType = sourcecode.c.h; path = Shape.h; sourceTree = "<group>"; };
		104D30F11F5DB1010092D139 /* Circle.h */ = {isa = PBXFileReference; fileEncoding = 4; lastKnownFileType = sourcecode.c.h; path = Circle.h; sourceTree = "<group>"; };
		104D30F21F5DB1010092D139 /* Circle.m */ = {isa = PBXFileReference; fileEncoding = 4; lastKnownFileType = sourcecode.c.objc; path = Circle.m; sourceTree = "<group>"; };
		104D30F41F5DB19F0092D139 /* FlyweightFactory.h */ = {isa = PBXFileReference; fileEncoding = 4; lastKnownFileType = sourcecode.c.h; path = FlyweightFactory.h; sourceTree = "<group>"; };
		104D30F51F5DB19F0092D139 /* FlyweightFactory.m */ = {isa = PBXFileReference; fileEncoding = 4; lastKnownFileType = sourcecode.c.objc; path = FlyweightFactory.m; sourceTree = "<group>"; };
		104D30F71F5DBA770092D139 /* Ticket.h */ = {isa = PBXFileReference; fileEncoding = 4; lastKnownFileType = sourcecode.c.h; path = Ticket.h; sourceTree = "<group>"; };
		104D30F81F5DBAB70092D139 /* TrainStation.h */ = {isa = PBXFileReference; fileEncoding = 4; lastKnownFileType = sourcecode.c.h; path = TrainStation.h; sourceTree = "<group>"; };
		104D30F91F5DBAB70092D139 /* TrainStation.m */ = {isa = PBXFileReference; fileEncoding = 4; lastKnownFileType = sourcecode.c.objc; path = TrainStation.m; sourceTree = "<group>"; };
		104D30FB1F5DBAF90092D139 /* TicketOutlets.h */ = {isa = PBXFileReference; fileEncoding = 4; lastKnownFileType = sourcecode.c.h; path = TicketOutlets.h; sourceTree = "<group>"; };
		104D30FC1F5DBAF90092D139 /* TicketOutlets.m */ = {isa = PBXFileReference; fileEncoding = 4; lastKnownFileType = sourcecode.c.objc; path = TicketOutlets.m; sourceTree = "<group>"; };
		104D30FE1F619CC90092D139 /* Leave.h */ = {isa = PBXFileReference; fileEncoding = 4; lastKnownFileType = sourcecode.c.h; path = Leave.h; sourceTree = "<group>"; };
		104D31021F619F8B0092D139 /* Manager.h */ = {isa = PBXFileReference; fileEncoding = 4; lastKnownFileType = sourcecode.c.h; path = Manager.h; sourceTree = "<group>"; };
		104D31031F619F8B0092D139 /* Manager.m */ = {isa = PBXFileReference; fileEncoding = 4; lastKnownFileType = sourcecode.c.objc; path = Manager.m; sourceTree = "<group>"; };
		104D31051F619F9D0092D139 /* CEO.h */ = {isa = PBXFileReference; fileEncoding = 4; lastKnownFileType = sourcecode.c.h; path = CEO.h; sourceTree = "<group>"; };
		104D31061F619F9D0092D139 /* CEO.m */ = {isa = PBXFileReference; fileEncoding = 4; lastKnownFileType = sourcecode.c.objc; path = CEO.m; sourceTree = "<group>"; };
		104D31081F61A0FC0092D139 /* CTO.h */ = {isa = PBXFileReference; fileEncoding = 4; lastKnownFileType = sourcecode.c.h; path = CTO.h; sourceTree = "<group>"; };
		104D31091F61A0FC0092D139 /* CTO.m */ = {isa = PBXFileReference; fileEncoding = 4; lastKnownFileType = sourcecode.c.objc; path = CTO.m; sourceTree = "<group>"; };
		104D310B1F61A27B0092D139 /* PM.h */ = {isa = PBXFileReference; fileEncoding = 4; lastKnownFileType = sourcecode.c.h; path = PM.h; sourceTree = "<group>"; };
		104D310C1F61A27B0092D139 /* PM.m */ = {isa = PBXFileReference; fileEncoding = 4; lastKnownFileType = sourcecode.c.objc; path = PM.m; sourceTree = "<group>"; };
		104FAFFF1F55BE1A00085793 /* SpeakEnglish.h */ = {isa = PBXFileReference; fileEncoding = 4; lastKnownFileType = sourcecode.c.h; path = SpeakEnglish.h; sourceTree = "<group>"; };
		104FB0001F55BE1A00085793 /* SpeakEnglish.m */ = {isa = PBXFileReference; fileEncoding = 4; lastKnownFileType = sourcecode.c.objc; path = SpeakEnglish.m; sourceTree = "<group>"; };
		104FB0021F55BE2400085793 /* SpeakChinese.h */ = {isa = PBXFileReference; fileEncoding = 4; lastKnownFileType = sourcecode.c.h; path = SpeakChinese.h; sourceTree = "<group>"; };
		104FB0031F55BE2400085793 /* SpeakChinese.m */ = {isa = PBXFileReference; fileEncoding = 4; lastKnownFileType = sourcecode.c.objc; path = SpeakChinese.m; sourceTree = "<group>"; };
		104FB0051F55BEC600085793 /* InternationalConference.h */ = {isa = PBXFileReference; fileEncoding = 4; lastKnownFileType = sourcecode.c.h; path = InternationalConference.h; sourceTree = "<group>"; };
		104FB0061F55C07C00085793 /* Translator.h */ = {isa = PBXFileReference; fileEncoding = 4; lastKnownFileType = sourcecode.c.h; path = Translator.h; sourceTree = "<group>"; };
		104FB0071F55C07C00085793 /* Translator.m */ = {isa = PBXFileReference; fileEncoding = 4; lastKnownFileType = sourcecode.c.objc; path = Translator.m; sourceTree = "<group>"; };
		104FB00C1F55CB3800085793 /* App.h */ = {isa = PBXFileReference; fileEncoding = 4; lastKnownFileType = sourcecode.c.h; path = App.h; sourceTree = "<group>"; };
		104FB00D1F55CBB800085793 /* MyModule.h */ = {isa = PBXFileReference; fileEncoding = 4; lastKnownFileType = sourcecode.c.h; path = MyModule.h; sourceTree = "<group>"; };
		104FB00E1F55CBB800085793 /* MyModule.m */ = {isa = PBXFileReference; fileEncoding = 4; lastKnownFileType = sourcecode.c.objc; path = MyModule.m; sourceTree = "<group>"; };
		104FB0101F55CBEB00085793 /* ChatModule.h */ = {isa = PBXFileReference; fileEncoding = 4; lastKnownFileType = sourcecode.c.h; path = ChatModule.h; sourceTree = "<group>"; };
		104FB0111F55CBEB00085793 /* ChatModule.m */ = {isa = PBXFileReference; fileEncoding = 4; lastKnownFileType = sourcecode.c.objc; path = ChatModule.m; sourceTree = "<group>"; };
		104FB0131F55CC6B00085793 /* ThemeInfo.h */ = {isa = PBXFileReference; fileEncoding = 4; lastKnownFileType = sourcecode.c.h; path = ThemeInfo.h; sourceTree = "<group>"; };
		104FB0141F55CC7800085793 /* RedTheme.h */ = {isa = PBXFileReference; fileEncoding = 4; lastKnownFileType = sourcecode.c.h; path = RedTheme.h; sourceTree = "<group>"; };
		104FB0151F55CC7800085793 /* RedTheme.m */ = {isa = PBXFileReference; fileEncoding = 4; lastKnownFileType = sourcecode.c.objc; path = RedTheme.m; sourceTree = "<group>"; };
		104FB0171F55CC8700085793 /* BlueTheme.h */ = {isa = PBXFileReference; fileEncoding = 4; lastKnownFileType = sourcecode.c.h; path = BlueTheme.h; sourceTree = "<group>"; };
		104FB0181F55CC8700085793 /* BlueTheme.m */ = {isa = PBXFileReference; fileEncoding = 4; lastKnownFileType = sourcecode.c.objc; path = BlueTheme.m; sourceTree = "<group>"; };
		104FB01A1F55CDC200085793 /* Module.h */ = {isa = PBXFileReference; fileEncoding = 4; lastKnownFileType = sourcecode.c.h; path = Module.h; sourceTree = "<group>"; };
		104FB01B1F55CDC200085793 /* Module.m */ = {isa = PBXFileReference; fileEncoding = 4; lastKnownFileType = sourcecode.c.objc; path = Module.m; sourceTree = "<group>"; };
		104FB01F1F55CF1300085793 /* Theme.h */ = {isa = PBXFileReference; fileEncoding = 4; lastKnownFileType = sourcecode.c.h; path = Theme.h; sourceTree = "<group>"; };
		104FB0201F55CF1300085793 /* Theme.m */ = {isa = PBXFileReference; fileEncoding = 4; lastKnownFileType = sourcecode.c.objc; path = Theme.m; sourceTree = "<group>"; };
		104FB0221F599A2F00085793 /* HouseManager.h */ = {isa = PBXFileReference; fileEncoding = 4; lastKnownFileType = sourcecode.c.h; path = HouseManager.h; sourceTree = "<group>"; };
		104FB0231F599A2F00085793 /* HouseManager.m */ = {isa = PBXFileReference; fileEncoding = 4; lastKnownFileType = sourcecode.c.objc; path = HouseManager.m; sourceTree = "<group>"; };
		104FB0251F599A3900085793 /* Light.h */ = {isa = PBXFileReference; fileEncoding = 4; lastKnownFileType = sourcecode.c.h; path = Light.h; sourceTree = "<group>"; };
		104FB0261F599A3900085793 /* Light.m */ = {isa = PBXFileReference; fileEncoding = 4; lastKnownFileType = sourcecode.c.objc; path = Light.m; sourceTree = "<group>"; };
		104FB0281F599A6000085793 /* Curtain.h */ = {isa = PBXFileReference; fileEncoding = 4; lastKnownFileType = sourcecode.c.h; path = Curtain.h; sourceTree = "<group>"; };
		104FB0291F599A6000085793 /* Curtain.m */ = {isa = PBXFileReference; fileEncoding = 4; lastKnownFileType = sourcecode.c.objc; path = Curtain.m; sourceTree = "<group>"; };
		107938991F3B7529000F287A /* MLDesignPatterns-OC */ = {isa = PBXFileReference; explicitFileType = "compiled.mach-o.executable"; includeInIndex = 0; path = "MLDesignPatterns-OC"; sourceTree = BUILT_PRODUCTS_DIR; };
		1079389C1F3B7529000F287A /* main.m */ = {isa = PBXFileReference; lastKnownFileType = sourcecode.c.objc; path = main.m; sourceTree = "<group>"; };
		109400301F3CC4B70026A0BB /* Employee.h */ = {isa = PBXFileReference; fileEncoding = 4; lastKnownFileType = sourcecode.c.h; path = Employee.h; sourceTree = "<group>"; };
		109400311F3CC4B70026A0BB /* Employee.m */ = {isa = PBXFileReference; fileEncoding = 4; lastKnownFileType = sourcecode.c.objc; path = Employee.m; sourceTree = "<group>"; };
		109400331F3CC62E0026A0BB /* Company.h */ = {isa = PBXFileReference; fileEncoding = 4; lastKnownFileType = sourcecode.c.h; path = Company.h; sourceTree = "<group>"; };
		109400341F3CC62E0026A0BB /* Company.m */ = {isa = PBXFileReference; fileEncoding = 4; lastKnownFileType = sourcecode.c.objc; path = Company.m; sourceTree = "<group>"; };
		109400361F41DF430026A0BB /* EmployeeDeepCopy.h */ = {isa = PBXFileReference; fileEncoding = 4; lastKnownFileType = sourcecode.c.h; path = EmployeeDeepCopy.h; sourceTree = "<group>"; };
		109400371F41DF430026A0BB /* EmployeeDeepCopy.m */ = {isa = PBXFileReference; fileEncoding = 4; lastKnownFileType = sourcecode.c.objc; path = EmployeeDeepCopy.m; sourceTree = "<group>"; };
		109400391F41DF5A0026A0BB /* EmployeeShallowCopy.h */ = {isa = PBXFileReference; fileEncoding = 4; lastKnownFileType = sourcecode.c.h; path = EmployeeShallowCopy.h; sourceTree = "<group>"; };
		1094003A1F41DF5A0026A0BB /* EmployeeShallowCopy.m */ = {isa = PBXFileReference; fileEncoding = 4; lastKnownFileType = sourcecode.c.objc; path = EmployeeShallowCopy.m; sourceTree = "<group>"; };
		109400461F42025E0026A0BB /* Singleton.h */ = {isa = PBXFileReference; fileEncoding = 4; lastKnownFileType = sourcecode.c.h; path = Singleton.h; sourceTree = "<group>"; };
		109400471F42025E0026A0BB /* Singleton.m */ = {isa = PBXFileReference; fileEncoding = 4; lastKnownFileType = sourcecode.c.objc; path = Singleton.m; sourceTree = "<group>"; };
		10D3852C1F4497020095A417 /* Human.h */ = {isa = PBXFileReference; fileEncoding = 4; lastKnownFileType = sourcecode.c.h; path = Human.h; sourceTree = "<group>"; };
		10D3852D1F4497020095A417 /* Human.m */ = {isa = PBXFileReference; fileEncoding = 4; lastKnownFileType = sourcecode.c.objc; path = Human.m; sourceTree = "<group>"; };
		10D3852F1F4497120095A417 /* BlackHuman.h */ = {isa = PBXFileReference; fileEncoding = 4; lastKnownFileType = sourcecode.c.h; path = BlackHuman.h; sourceTree = "<group>"; };
		10D385301F4497120095A417 /* BlackHuman.m */ = {isa = PBXFileReference; fileEncoding = 4; lastKnownFileType = sourcecode.c.objc; path = BlackHuman.m; sourceTree = "<group>"; };
		10D385311F4497120095A417 /* WhiteHuman.h */ = {isa = PBXFileReference; fileEncoding = 4; lastKnownFileType = sourcecode.c.h; path = WhiteHuman.h; sourceTree = "<group>"; };
		10D385321F4497120095A417 /* WhiteHuman.m */ = {isa = PBXFileReference; fileEncoding = 4; lastKnownFileType = sourcecode.c.objc; path = WhiteHuman.m; sourceTree = "<group>"; };
		10D385331F4497120095A417 /* YellowHuman.h */ = {isa = PBXFileReference; fileEncoding = 4; lastKnownFileType = sourcecode.c.h; path = YellowHuman.h; sourceTree = "<group>"; };
		10D385341F4497120095A417 /* YellowHuman.m */ = {isa = PBXFileReference; fileEncoding = 4; lastKnownFileType = sourcecode.c.objc; path = YellowHuman.m; sourceTree = "<group>"; };
		10D385381F44971B0095A417 /* NuWa.h */ = {isa = PBXFileReference; fileEncoding = 4; lastKnownFileType = sourcecode.c.h; path = NuWa.h; sourceTree = "<group>"; };
		10D385391F44971B0095A417 /* NuWa.m */ = {isa = PBXFileReference; fileEncoding = 4; lastKnownFileType = sourcecode.c.objc; path = NuWa.m; sourceTree = "<group>"; };
		10D3853B1F4497260095A417 /* WhiteHumanFactory.h */ = {isa = PBXFileReference; fileEncoding = 4; lastKnownFileType = sourcecode.c.h; path = WhiteHumanFactory.h; sourceTree = "<group>"; };
		10D3853C1F4497260095A417 /* WhiteHumanFactory.m */ = {isa = PBXFileReference; fileEncoding = 4; lastKnownFileType = sourcecode.c.objc; path = WhiteHumanFactory.m; sourceTree = "<group>"; };
		10D3853E1F4497C30095A417 /* YellowHumanFactory.h */ = {isa = PBXFileReference; fileEncoding = 4; lastKnownFileType = sourcecode.c.h; path = YellowHumanFactory.h; sourceTree = "<group>"; };
		10D3853F1F4497C30095A417 /* YellowHumanFactory.m */ = {isa = PBXFileReference; fileEncoding = 4; lastKnownFileType = sourcecode.c.objc; path = YellowHumanFactory.m; sourceTree = "<group>"; };
		10D385411F4497E10095A417 /* HumanFactory.h */ = {isa = PBXFileReference; fileEncoding = 4; lastKnownFileType = sourcecode.c.h; path = HumanFactory.h; sourceTree = "<group>"; };
		10D385421F4499330095A417 /* BlackHumanFactory.h */ = {isa = PBXFileReference; fileEncoding = 4; lastKnownFileType = sourcecode.c.h; path = BlackHumanFactory.h; sourceTree = "<group>"; };
		10D385431F4499330095A417 /* BlackHumanFactory.m */ = {isa = PBXFileReference; fileEncoding = 4; lastKnownFileType = sourcecode.c.objc; path = BlackHumanFactory.m; sourceTree = "<group>"; };
		10D385C71F4B2DD20095A417 /* WoodDoor.h */ = {isa = PBXFileReference; fileEncoding = 4; lastKnownFileType = sourcecode.c.h; path = WoodDoor.h; sourceTree = "<group>"; };
		10D385C81F4B2DD20095A417 /* WoodDoor.m */ = {isa = PBXFileReference; fileEncoding = 4; lastKnownFileType = sourcecode.c.objc; path = WoodDoor.m; sourceTree = "<group>"; };
		10D385CA1F4B2DF80095A417 /* IronDoor.h */ = {isa = PBXFileReference; fileEncoding = 4; lastKnownFileType = sourcecode.c.h; path = IronDoor.h; sourceTree = "<group>"; };
		10D385CB1F4B2DF80095A417 /* IronDoor.m */ = {isa = PBXFileReference; fileEncoding = 4; lastKnownFileType = sourcecode.c.objc; path = IronDoor.m; sourceTree = "<group>"; };
		10D385D11F4B2E890095A417 /* WoodDoorInstaller.h */ = {isa = PBXFileReference; fileEncoding = 4; lastKnownFileType = sourcecode.c.h; path = WoodDoorInstaller.h; sourceTree = "<group>"; };
		10D385D21F4B2E890095A417 /* WoodDoorInstaller.m */ = {isa = PBXFileReference; fileEncoding = 4; lastKnownFileType = sourcecode.c.objc; path = WoodDoorInstaller.m; sourceTree = "<group>"; };
		10D385D41F4B2E950095A417 /* IronDoorInstaller.h */ = {isa = PBXFileReference; fileEncoding = 4; lastKnownFileType = sourcecode.c.h; path = IronDoorInstaller.h; sourceTree = "<group>"; };
		10D385D51F4B2E950095A417 /* IronDoorInstaller.m */ = {isa = PBXFileReference; fileEncoding = 4; lastKnownFileType = sourcecode.c.objc; path = IronDoorInstaller.m; sourceTree = "<group>"; };
		10D385D91F4B324F0095A417 /* DoorFactory.h */ = {isa = PBXFileReference; fileEncoding = 4; lastKnownFileType = sourcecode.c.h; path = DoorFactory.h; sourceTree = "<group>"; };
		10D385DA1F4B32870095A417 /* WoodDoorFactory.h */ = {isa = PBXFileReference; fileEncoding = 4; lastKnownFileType = sourcecode.c.h; path = WoodDoorFactory.h; sourceTree = "<group>"; };
		10D385DB1F4B32870095A417 /* WoodDoorFactory.m */ = {isa = PBXFileReference; fileEncoding = 4; lastKnownFileType = sourcecode.c.objc; path = WoodDoorFactory.m; sourceTree = "<group>"; };
		10D385DD1F4B32F70095A417 /* IronDoorFactory.h */ = {isa = PBXFileReference; fileEncoding = 4; lastKnownFileType = sourcecode.c.h; path = IronDoorFactory.h; sourceTree = "<group>"; };
		10D385DE1F4B32F70095A417 /* IronDoorFactory.m */ = {isa = PBXFileReference; fileEncoding = 4; lastKnownFileType = sourcecode.c.objc; path = IronDoorFactory.m; sourceTree = "<group>"; };
		10D385E01F4B34010095A417 /* Door.h */ = {isa = PBXFileReference; fileEncoding = 4; lastKnownFileType = sourcecode.c.h; path = Door.h; sourceTree = "<group>"; };
		10D385E11F4B34010095A417 /* Door.m */ = {isa = PBXFileReference; fileEncoding = 4; lastKnownFileType = sourcecode.c.objc; path = Door.m; sourceTree = "<group>"; };
		10D385E31F4B343B0095A417 /* DoorInstaller.h */ = {isa = PBXFileReference; fileEncoding = 4; lastKnownFileType = sourcecode.c.h; path = DoorInstaller.h; sourceTree = "<group>"; };
		10D385E41F4B343B0095A417 /* DoorInstaller.m */ = {isa = PBXFileReference; fileEncoding = 4; lastKnownFileType = sourcecode.c.objc; path = DoorInstaller.m; sourceTree = "<group>"; };
		10D385E61F4B3EA90095A417 /* HandWheatCake.h */ = {isa = PBXFileReference; fileEncoding = 4; lastKnownFileType = sourcecode.c.h; path = HandWheatCake.h; sourceTree = "<group>"; };
		10D385E71F4B3EA90095A417 /* HandWheatCake.m */ = {isa = PBXFileReference; fileEncoding = 4; lastKnownFileType = sourcecode.c.objc; path = HandWheatCake.m; sourceTree = "<group>"; };
		10D385EC1F4B413F0095A417 /* HandWheatCakeBuilder.h */ = {isa = PBXFileReference; fileEncoding = 4; lastKnownFileType = sourcecode.c.h; path = HandWheatCakeBuilder.h; sourceTree = "<group>"; };
		10D385ED1F4B41BF0095A417 /* FiveYuanNoSpicyBuild.h */ = {isa = PBXFileReference; fileEncoding = 4; lastKnownFileType = sourcecode.c.h; path = FiveYuanNoSpicyBuild.h; sourceTree = "<group>"; };
		10D385EE1F4B41BF0095A417 /* FiveYuanNoSpicyBuild.m */ = {isa = PBXFileReference; fileEncoding = 4; lastKnownFileType = sourcecode.c.objc; path = FiveYuanNoSpicyBuild.m; sourceTree = "<group>"; };
		10D385F01F4B42BD0095A417 /* TenYuanAbnormalSpicyBuild.h */ = {isa = PBXFileReference; fileEncoding = 4; lastKnownFileType = sourcecode.c.h; path = TenYuanAbnormalSpicyBuild.h; sourceTree = "<group>"; };
		10D385F11F4B42BD0095A417 /* TenYuanAbnormalSpicyBuild.m */ = {isa = PBXFileReference; fileEncoding = 4; lastKnownFileType = sourcecode.c.objc; path = TenYuanAbnormalSpicyBuild.m; sourceTree = "<group>"; };
		10D385F31F4B43A80095A417 /* Seller.h */ = {isa = PBXFileReference; fileEncoding = 4; lastKnownFileType = sourcecode.c.h; path = Seller.h; sourceTree = "<group>"; };
		10D385F41F4B43A80095A417 /* Seller.m */ = {isa = PBXFileReference; fileEncoding = 4; lastKnownFileType = sourcecode.c.objc; path = Seller.m; sourceTree = "<group>"; };
		2473BFF61F590FB40018E4A3 /* FileSystem.h */ = {isa = PBXFileReference; fileEncoding = 4; lastKnownFileType = sourcecode.c.h; path = FileSystem.h; sourceTree = "<group>"; };
		2473BFF71F59108D0018E4A3 /* Folder.h */ = {isa = PBXFileReference; fileEncoding = 4; lastKnownFileType = sourcecode.c.h; path = Folder.h; sourceTree = "<group>"; };
		2473BFF81F59108D0018E4A3 /* Folder.m */ = {isa = PBXFileReference; fileEncoding = 4; lastKnownFileType = sourcecode.c.objc; path = Folder.m; sourceTree = "<group>"; };
		2473BFFD1F592A120018E4A3 /* HeaderFile.h */ = {isa = PBXFileReference; fileEncoding = 4; lastKnownFileType = sourcecode.c.h; path = HeaderFile.h; sourceTree = "<group>"; };
		2473BFFE1F592A120018E4A3 /* HeaderFile.m */ = {isa = PBXFileReference; fileEncoding = 4; lastKnownFileType = sourcecode.c.objc; path = HeaderFile.m; sourceTree = "<group>"; };
		2473C0021F592A910018E4A3 /* ImplementationFile.h */ = {isa = PBXFileReference; fileEncoding = 4; lastKnownFileType = sourcecode.c.h; path = ImplementationFile.h; sourceTree = "<group>"; };
		2473C0031F592A910018E4A3 /* ImplementationFile.m */ = {isa = PBXFileReference; fileEncoding = 4; lastKnownFileType = sourcecode.c.objc; path = ImplementationFile.m; sourceTree = "<group>"; };
		2473C0051F592BB20018E4A3 /* File.h */ = {isa = PBXFileReference; fileEncoding = 4; lastKnownFileType = sourcecode.c.h; path = File.h; sourceTree = "<group>"; };
		2473C0061F592BB20018E4A3 /* File.m */ = {isa = PBXFileReference; fileEncoding = 4; lastKnownFileType = sourcecode.c.objc; path = File.m; sourceTree = "<group>"; };
/* End PBXFileReference section */

/* Begin PBXFrameworksBuildPhase section */
		107938961F3B7529000F287A /* Frameworks */ = {
			isa = PBXFrameworksBuildPhase;
			buildActionMask = 2147483647;
			files = (
			);
			runOnlyForDeploymentPostprocessing = 0;
		};
/* End PBXFrameworksBuildPhase section */

/* Begin PBXGroup section */
		107938901F3B7529000F287A = {
			isa = PBXGroup;
			children = (
				1079389B1F3B7529000F287A /* MLDesignPatterns-OC */,
				1079389A1F3B7529000F287A /* Products */,
			);
			sourceTree = "<group>";
		};
		1079389A1F3B7529000F287A /* Products */ = {
			isa = PBXGroup;
			children = (
				107938991F3B7529000F287A /* MLDesignPatterns-OC */,
			);
			name = Products;
			sourceTree = "<group>";
		};
		1079389B1F3B7529000F287A /* MLDesignPatterns-OC */ = {
			isa = PBXGroup;
			children = (
				107938A31F3B761F000F287A /* AbstractFactory */,
				107938A41F3B761F000F287A /* Adapter */,
				107938A61F3B761F000F287A /* Bridge */,
				107938A71F3B761F000F287A /* Builder */,
				107938A81F3B761F000F287A /* ChainOfResponsibility */,
				107938A91F3B761F000F287A /* Command */,
				107938AA1F3B761F000F287A /* Composite */,
				107938AB1F3B761F000F287A /* Decorator */,
				107938AC1F3B761F000F287A /* Facade */,
				107938AD1F3B761F000F287A /* FactoryMethod */,
				107938AE1F3B761F000F287A /* Flyweight */,
				107938AF1F3B761F000F287A /* Interpreter */,
				107938B01F3B761F000F287A /* Iterator */,
				107938B11F3B761F000F287A /* Mediator */,
				107938B21F3B761F000F287A /* Memento */,
				107938B31F3B761F000F287A /* Observer */,
				107938B41F3B761F000F287A /* Prototype */,
				107938B51F3B761F000F287A /* Proxy */,
				107938B61F3B761F000F287A /* Singleton */,
				107938B71F3B761F000F287A /* State */,
				107938B81F3B761F000F287A /* Strategy */,
				107938B91F3B761F000F287A /* TemplateMethod */,
				107938BA1F3B761F000F287A /* Visitor */,
				1079389C1F3B7529000F287A /* main.m */,
			);
			path = "MLDesignPatterns-OC";
			sourceTree = "<group>";
		};
		107938A31F3B761F000F287A /* AbstractFactory */ = {
			isa = PBXGroup;
			children = (
				10D385E01F4B34010095A417 /* Door.h */,
				10D385E11F4B34010095A417 /* Door.m */,
				10D385C71F4B2DD20095A417 /* WoodDoor.h */,
				10D385C81F4B2DD20095A417 /* WoodDoor.m */,
				10D385CA1F4B2DF80095A417 /* IronDoor.h */,
				10D385CB1F4B2DF80095A417 /* IronDoor.m */,
				10D385E31F4B343B0095A417 /* DoorInstaller.h */,
				10D385E41F4B343B0095A417 /* DoorInstaller.m */,
				10D385D11F4B2E890095A417 /* WoodDoorInstaller.h */,
				10D385D21F4B2E890095A417 /* WoodDoorInstaller.m */,
				10D385D41F4B2E950095A417 /* IronDoorInstaller.h */,
				10D385D51F4B2E950095A417 /* IronDoorInstaller.m */,
				10D385D91F4B324F0095A417 /* DoorFactory.h */,
				10D385DA1F4B32870095A417 /* WoodDoorFactory.h */,
				10D385DB1F4B32870095A417 /* WoodDoorFactory.m */,
				10D385DD1F4B32F70095A417 /* IronDoorFactory.h */,
				10D385DE1F4B32F70095A417 /* IronDoorFactory.m */,
			);
			path = AbstractFactory;
			sourceTree = "<group>";
		};
		107938A41F3B761F000F287A /* Adapter */ = {
			isa = PBXGroup;
			children = (
				104FAFFF1F55BE1A00085793 /* SpeakEnglish.h */,
				104FB0001F55BE1A00085793 /* SpeakEnglish.m */,
				104FB0021F55BE2400085793 /* SpeakChinese.h */,
				104FB0031F55BE2400085793 /* SpeakChinese.m */,
				104FB0051F55BEC600085793 /* InternationalConference.h */,
				104FB0061F55C07C00085793 /* Translator.h */,
				104FB0071F55C07C00085793 /* Translator.m */,
			);
			path = Adapter;
			sourceTree = "<group>";
		};
		107938A61F3B761F000F287A /* Bridge */ = {
			isa = PBXGroup;
			children = (
				104FB00C1F55CB3800085793 /* App.h */,
				104FB01A1F55CDC200085793 /* Module.h */,
				104FB01B1F55CDC200085793 /* Module.m */,
				104FB00D1F55CBB800085793 /* MyModule.h */,
				104FB00E1F55CBB800085793 /* MyModule.m */,
				104FB0101F55CBEB00085793 /* ChatModule.h */,
				104FB0111F55CBEB00085793 /* ChatModule.m */,
				104FB0131F55CC6B00085793 /* ThemeInfo.h */,
				104FB01F1F55CF1300085793 /* Theme.h */,
				104FB0201F55CF1300085793 /* Theme.m */,
				104FB0141F55CC7800085793 /* RedTheme.h */,
				104FB0151F55CC7800085793 /* RedTheme.m */,
				104FB0171F55CC8700085793 /* BlueTheme.h */,
				104FB0181F55CC8700085793 /* BlueTheme.m */,
			);
			path = Bridge;
			sourceTree = "<group>";
		};
		107938A71F3B761F000F287A /* Builder */ = {
			isa = PBXGroup;
			children = (
				10D385E61F4B3EA90095A417 /* HandWheatCake.h */,
				10D385E71F4B3EA90095A417 /* HandWheatCake.m */,
				10D385EC1F4B413F0095A417 /* HandWheatCakeBuilder.h */,
				10D385ED1F4B41BF0095A417 /* FiveYuanNoSpicyBuild.h */,
				10D385EE1F4B41BF0095A417 /* FiveYuanNoSpicyBuild.m */,
				10D385F01F4B42BD0095A417 /* TenYuanAbnormalSpicyBuild.h */,
				10D385F11F4B42BD0095A417 /* TenYuanAbnormalSpicyBuild.m */,
				10D385F31F4B43A80095A417 /* Seller.h */,
				10D385F41F4B43A80095A417 /* Seller.m */,
			);
			path = Builder;
			sourceTree = "<group>";
		};
		107938A81F3B761F000F287A /* ChainOfResponsibility */ = {
			isa = PBXGroup;
			children = (
				104D30FE1F619CC90092D139 /* Leave.h */,
				104D31021F619F8B0092D139 /* Manager.h */,
				104D31031F619F8B0092D139 /* Manager.m */,
				104D31051F619F9D0092D139 /* CEO.h */,
				104D31061F619F9D0092D139 /* CEO.m */,
				104D31081F61A0FC0092D139 /* CTO.h */,
				104D31091F61A0FC0092D139 /* CTO.m */,
				104D310B1F61A27B0092D139 /* PM.h */,
				104D310C1F61A27B0092D139 /* PM.m */,
			);
			path = ChainOfResponsibility;
			sourceTree = "<group>";
		};
		107938A91F3B761F000F287A /* Command */ = {
			isa = PBXGroup;
			children = (
			);
			path = Command;
			sourceTree = "<group>";
		};
		107938AA1F3B761F000F287A /* Composite */ = {
			isa = PBXGroup;
			children = (
				2473BFF61F590FB40018E4A3 /* FileSystem.h */,
				2473BFF71F59108D0018E4A3 /* Folder.h */,
				2473BFF81F59108D0018E4A3 /* Folder.m */,
				2473C0051F592BB20018E4A3 /* File.h */,
				2473C0061F592BB20018E4A3 /* File.m */,
				2473BFFD1F592A120018E4A3 /* HeaderFile.h */,
				2473BFFE1F592A120018E4A3 /* HeaderFile.m */,
				2473C0021F592A910018E4A3 /* ImplementationFile.h */,
				2473C0031F592A910018E4A3 /* ImplementationFile.m */,
			);
			path = Composite;
			sourceTree = "<group>";
		};
		107938AB1F3B761F000F287A /* Decorator */ = {
			isa = PBXGroup;
			children = (
				104D30E31F5C5C740092D139 /* Humburger.h */,
				104D30E41F5C5CC30092D139 /* ChickenBurger.h */,
				104D30E51F5C5CC30092D139 /* ChickenBurger.m */,
				104D30E71F5C5DA60092D139 /* Condiment.h */,
				104D30E81F5C5DA60092D139 /* Condiment.m */,
				104D30EA1F5C5E290092D139 /* Chilli.h */,
				104D30EB1F5C5E290092D139 /* Chilli.m */,
				104D30ED1F5C5FB00092D139 /* Egg.h */,
				104D30EE1F5C5FB00092D139 /* Egg.m */,
			);
			path = Decorator;
			sourceTree = "<group>";
		};
		107938AC1F3B761F000F287A /* Facade */ = {
			isa = PBXGroup;
			children = (
				104FB0221F599A2F00085793 /* HouseManager.h */,
				104FB0231F599A2F00085793 /* HouseManager.m */,
				104FB0251F599A3900085793 /* Light.h */,
				104FB0261F599A3900085793 /* Light.m */,
				104FB0281F599A6000085793 /* Curtain.h */,
				104FB0291F599A6000085793 /* Curtain.m */,
			);
			path = Facade;
			sourceTree = "<group>";
		};
		107938AD1F3B761F000F287A /* FactoryMethod */ = {
			isa = PBXGroup;
			children = (
				10D385381F44971B0095A417 /* NuWa.h */,
				10D385391F44971B0095A417 /* NuWa.m */,
				10D3852C1F4497020095A417 /* Human.h */,
				10D3852D1F4497020095A417 /* Human.m */,
				10D385411F4497E10095A417 /* HumanFactory.h */,
				10D385311F4497120095A417 /* WhiteHuman.h */,
				10D385321F4497120095A417 /* WhiteHuman.m */,
				10D3853B1F4497260095A417 /* WhiteHumanFactory.h */,
				10D3853C1F4497260095A417 /* WhiteHumanFactory.m */,
				10D385331F4497120095A417 /* YellowHuman.h */,
				10D385341F4497120095A417 /* YellowHuman.m */,
				10D3853E1F4497C30095A417 /* YellowHumanFactory.h */,
				10D3853F1F4497C30095A417 /* YellowHumanFactory.m */,
				10D3852F1F4497120095A417 /* BlackHuman.h */,
				10D385301F4497120095A417 /* BlackHuman.m */,
				10D385421F4499330095A417 /* BlackHumanFactory.h */,
				10D385431F4499330095A417 /* BlackHumanFactory.m */,
			);
			path = FactoryMethod;
			sourceTree = "<group>";
		};
		107938AE1F3B761F000F287A /* Flyweight */ = {
			isa = PBXGroup;
			children = (
				104D30F01F5DB0CE0092D139 /* Shape.h */,
				104D30F11F5DB1010092D139 /* Circle.h */,
				104D30F21F5DB1010092D139 /* Circle.m */,
				104D30F41F5DB19F0092D139 /* FlyweightFactory.h */,
				104D30F51F5DB19F0092D139 /* FlyweightFactory.m */,
			);
			path = Flyweight;
			sourceTree = "<group>";
		};
		107938AF1F3B761F000F287A /* Interpreter */ = {
			isa = PBXGroup;
			children = (
			);
			path = Interpreter;
			sourceTree = "<group>";
		};
		107938B01F3B761F000F287A /* Iterator */ = {
			isa = PBXGroup;
			children = (
			);
			path = Iterator;
			sourceTree = "<group>";
		};
		107938B11F3B761F000F287A /* Mediator */ = {
			isa = PBXGroup;
			children = (
			);
			path = Mediator;
			sourceTree = "<group>";
		};
		107938B21F3B761F000F287A /* Memento */ = {
			isa = PBXGroup;
			children = (
			);
			path = Memento;
			sourceTree = "<group>";
		};
		107938B31F3B761F000F287A /* Observer */ = {
			isa = PBXGroup;
			children = (
			);
			path = Observer;
			sourceTree = "<group>";
		};
		107938B41F3B761F000F287A /* Prototype */ = {
			isa = PBXGroup;
			children = (
				109400301F3CC4B70026A0BB /* Employee.h */,
				109400311F3CC4B70026A0BB /* Employee.m */,
				109400331F3CC62E0026A0BB /* Company.h */,
				109400341F3CC62E0026A0BB /* Company.m */,
				109400361F41DF430026A0BB /* EmployeeDeepCopy.h */,
				109400371F41DF430026A0BB /* EmployeeDeepCopy.m */,
				109400391F41DF5A0026A0BB /* EmployeeShallowCopy.h */,
				1094003A1F41DF5A0026A0BB /* EmployeeShallowCopy.m */,
			);
			path = Prototype;
			sourceTree = "<group>";
		};
		107938B51F3B761F000F287A /* Proxy */ = {
			isa = PBXGroup;
			children = (
				104D30F71F5DBA770092D139 /* Ticket.h */,
				104D30F81F5DBAB70092D139 /* TrainStation.h */,
				104D30F91F5DBAB70092D139 /* TrainStation.m */,
				104D30FB1F5DBAF90092D139 /* TicketOutlets.h */,
				104D30FC1F5DBAF90092D139 /* TicketOutlets.m */,
			);
			path = Proxy;
			sourceTree = "<group>";
		};
		107938B61F3B761F000F287A /* Singleton */ = {
			isa = PBXGroup;
			children = (
				109400461F42025E0026A0BB /* Singleton.h */,
				109400471F42025E0026A0BB /* Singleton.m */,
			);
			path = Singleton;
			sourceTree = "<group>";
		};
		107938B71F3B761F000F287A /* State */ = {
			isa = PBXGroup;
			children = (
			);
			path = State;
			sourceTree = "<group>";
		};
		107938B81F3B761F000F287A /* Strategy */ = {
			isa = PBXGroup;
			children = (
			);
			path = Strategy;
			sourceTree = "<group>";
		};
		107938B91F3B761F000F287A /* TemplateMethod */ = {
			isa = PBXGroup;
			children = (
			);
			path = TemplateMethod;
			sourceTree = "<group>";
		};
		107938BA1F3B761F000F287A /* Visitor */ = {
			isa = PBXGroup;
			children = (
			);
			path = Visitor;
			sourceTree = "<group>";
		};
/* End PBXGroup section */

/* Begin PBXNativeTarget section */
		107938981F3B7529000F287A /* MLDesignPatterns-OC */ = {
			isa = PBXNativeTarget;
			buildConfigurationList = 107938A01F3B7529000F287A /* Build configuration list for PBXNativeTarget "MLDesignPatterns-OC" */;
			buildPhases = (
				107938951F3B7529000F287A /* Sources */,
				107938961F3B7529000F287A /* Frameworks */,
				107938971F3B7529000F287A /* CopyFiles */,
			);
			buildRules = (
			);
			dependencies = (
			);
			name = "MLDesignPatterns-OC";
			productName = "MLDesignPatterns-OC";
			productReference = 107938991F3B7529000F287A /* MLDesignPatterns-OC */;
			productType = "com.apple.product-type.tool";
		};
/* End PBXNativeTarget section */

/* Begin PBXProject section */
		107938911F3B7529000F287A /* Project object */ = {
			isa = PBXProject;
			attributes = {
				LastUpgradeCheck = 0830;
				ORGANIZATIONNAME = mali;
				TargetAttributes = {
					107938981F3B7529000F287A = {
						CreatedOnToolsVersion = 8.3.3;
						ProvisioningStyle = Automatic;
					};
				};
			};
			buildConfigurationList = 107938941F3B7529000F287A /* Build configuration list for PBXProject "MLDesignPatterns-OC" */;
			compatibilityVersion = "Xcode 3.2";
			developmentRegion = English;
			hasScannedForEncodings = 0;
			knownRegions = (
				en,
			);
			mainGroup = 107938901F3B7529000F287A;
			productRefGroup = 1079389A1F3B7529000F287A /* Products */;
			projectDirPath = "";
			projectRoot = "";
			targets = (
				107938981F3B7529000F287A /* MLDesignPatterns-OC */,
			);
		};
/* End PBXProject section */

/* Begin PBXSourcesBuildPhase section */
		107938951F3B7529000F287A /* Sources */ = {
			isa = PBXSourcesBuildPhase;
			buildActionMask = 2147483647;
			files = (
				10D385E81F4B3EA90095A417 /* HandWheatCake.m in Sources */,
				10D385DF1F4B32F70095A417 /* IronDoorFactory.m in Sources */,
				10D385F51F4B43A80095A417 /* Seller.m in Sources */,
				10D385F21F4B42BD0095A417 /* TenYuanAbnormalSpicyBuild.m in Sources */,
				104FB0041F55BE2400085793 /* SpeakChinese.m in Sources */,
				104FB0191F55CC8700085793 /* BlueTheme.m in Sources */,
				10D3852E1F4497020095A417 /* Human.m in Sources */,
				2473BFF91F59108D0018E4A3 /* Folder.m in Sources */,
				10D385CC1F4B2DF80095A417 /* IronDoor.m in Sources */,
				1079389D1F3B7529000F287A /* main.m in Sources */,
				104FB01C1F55CDC200085793 /* Module.m in Sources */,
				109400351F3CC62E0026A0BB /* Company.m in Sources */,
				10D385D61F4B2E950095A417 /* IronDoorInstaller.m in Sources */,
				104FB0011F55BE1A00085793 /* SpeakEnglish.m in Sources */,
				104FB0271F599A3900085793 /* Light.m in Sources */,
				104FB0081F55C07C00085793 /* Translator.m in Sources */,
				104FB02A1F599A6000085793 /* Curtain.m in Sources */,
				104D30EF1F5C5FB00092D139 /* Egg.m in Sources */,
				109400381F41DF430026A0BB /* EmployeeDeepCopy.m in Sources */,
				104D30FA1F5DBAB70092D139 /* TrainStation.m in Sources */,
				104FB0241F599A2F00085793 /* HouseManager.m in Sources */,
				104D30E91F5C5DA60092D139 /* Condiment.m in Sources */,
				10D385441F4499330095A417 /* BlackHumanFactory.m in Sources */,
				104D31071F619F9D0092D139 /* CEO.m in Sources */,
				104D310A1F61A0FC0092D139 /* CTO.m in Sources */,
				10D385E51F4B343B0095A417 /* DoorInstaller.m in Sources */,
				109400481F42025E0026A0BB /* Singleton.m in Sources */,
				104D30F61F5DB19F0092D139 /* FlyweightFactory.m in Sources */,
				104D31041F619F8B0092D139 /* Manager.m in Sources */,
				10D385371F4497120095A417 /* YellowHuman.m in Sources */,
				104D30F31F5DB1010092D139 /* Circle.m in Sources */,
				10D385351F4497120095A417 /* BlackHuman.m in Sources */,
				10D385D31F4B2E890095A417 /* WoodDoorInstaller.m in Sources */,
				104FB0161F55CC7800085793 /* RedTheme.m in Sources */,
				104FB00F1F55CBB800085793 /* MyModule.m in Sources */,
				10D385C91F4B2DD20095A417 /* WoodDoor.m in Sources */,
				10D385401F4497C30095A417 /* YellowHumanFactory.m in Sources */,
				104D30FD1F5DBAF90092D139 /* TicketOutlets.m in Sources */,
				2473C0071F592BB20018E4A3 /* File.m in Sources */,
				109400321F3CC4B70026A0BB /* Employee.m in Sources */,
				2473C0041F592A910018E4A3 /* ImplementationFile.m in Sources */,
				104FB0121F55CBEB00085793 /* ChatModule.m in Sources */,
				2473BFFF1F592A120018E4A3 /* HeaderFile.m in Sources */,
				10D3853D1F4497260095A417 /* WhiteHumanFactory.m in Sources */,
				104FB0211F55CF1300085793 /* Theme.m in Sources */,
				104D30E61F5C5CC30092D139 /* ChickenBurger.m in Sources */,
				1094003B1F41DF5A0026A0BB /* EmployeeShallowCopy.m in Sources */,
				10D385E21F4B34010095A417 /* Door.m in Sources */,
				104D310D1F61A27B0092D139 /* PM.m in Sources */,
				10D3853A1F44971B0095A417 /* NuWa.m in Sources */,
				10D385EF1F4B41BF0095A417 /* FiveYuanNoSpicyBuild.m in Sources */,
				10D385361F4497120095A417 /* WhiteHuman.m in Sources */,
				10D385DC1F4B32870095A417 /* WoodDoorFactory.m in Sources */,
				104D30EC1F5C5E290092D139 /* Chilli.m in Sources */,
			);
			runOnlyForDeploymentPostprocessing = 0;
		};
/* End PBXSourcesBuildPhase section */

/* Begin XCBuildConfiguration section */
		1079389E1F3B7529000F287A /* Debug */ = {
			isa = XCBuildConfiguration;
			buildSettings = {
				ALWAYS_SEARCH_USER_PATHS = NO;
				CLANG_ANALYZER_NONNULL = YES;
				CLANG_ANALYZER_NUMBER_OBJECT_CONVERSION = YES_AGGRESSIVE;
				CLANG_CXX_LANGUAGE_STANDARD = "gnu++0x";
				CLANG_CXX_LIBRARY = "libc++";
				CLANG_ENABLE_MODULES = YES;
				CLANG_ENABLE_OBJC_ARC = YES;
				CLANG_WARN_BOOL_CONVERSION = YES;
				CLANG_WARN_CONSTANT_CONVERSION = YES;
				CLANG_WARN_DIRECT_OBJC_ISA_USAGE = YES_ERROR;
				CLANG_WARN_DOCUMENTATION_COMMENTS = YES;
				CLANG_WARN_EMPTY_BODY = YES;
				CLANG_WARN_ENUM_CONVERSION = YES;
				CLANG_WARN_INFINITE_RECURSION = YES;
				CLANG_WARN_INT_CONVERSION = YES;
				CLANG_WARN_OBJC_ROOT_CLASS = YES_ERROR;
				CLANG_WARN_SUSPICIOUS_MOVE = YES;
				CLANG_WARN_UNREACHABLE_CODE = YES;
				CLANG_WARN__DUPLICATE_METHOD_MATCH = YES;
				CODE_SIGN_IDENTITY = "-";
				COPY_PHASE_STRIP = NO;
				DEBUG_INFORMATION_FORMAT = dwarf;
				ENABLE_STRICT_OBJC_MSGSEND = YES;
				ENABLE_TESTABILITY = YES;
				GCC_C_LANGUAGE_STANDARD = gnu99;
				GCC_DYNAMIC_NO_PIC = NO;
				GCC_NO_COMMON_BLOCKS = YES;
				GCC_OPTIMIZATION_LEVEL = 0;
				GCC_PREPROCESSOR_DEFINITIONS = (
					"DEBUG=1",
					"$(inherited)",
				);
				GCC_WARN_64_TO_32_BIT_CONVERSION = YES;
				GCC_WARN_ABOUT_RETURN_TYPE = YES_ERROR;
				GCC_WARN_UNDECLARED_SELECTOR = YES;
				GCC_WARN_UNINITIALIZED_AUTOS = YES_AGGRESSIVE;
				GCC_WARN_UNUSED_FUNCTION = YES;
				GCC_WARN_UNUSED_VARIABLE = YES;
				MACOSX_DEPLOYMENT_TARGET = 10.12;
				MTL_ENABLE_DEBUG_INFO = YES;
				ONLY_ACTIVE_ARCH = YES;
				SDKROOT = macosx;
			};
			name = Debug;
		};
		1079389F1F3B7529000F287A /* Release */ = {
			isa = XCBuildConfiguration;
			buildSettings = {
				ALWAYS_SEARCH_USER_PATHS = NO;
				CLANG_ANALYZER_NONNULL = YES;
				CLANG_ANALYZER_NUMBER_OBJECT_CONVERSION = YES_AGGRESSIVE;
				CLANG_CXX_LANGUAGE_STANDARD = "gnu++0x";
				CLANG_CXX_LIBRARY = "libc++";
				CLANG_ENABLE_MODULES = YES;
				CLANG_ENABLE_OBJC_ARC = YES;
				CLANG_WARN_BOOL_CONVERSION = YES;
				CLANG_WARN_CONSTANT_CONVERSION = YES;
				CLANG_WARN_DIRECT_OBJC_ISA_USAGE = YES_ERROR;
				CLANG_WARN_DOCUMENTATION_COMMENTS = YES;
				CLANG_WARN_EMPTY_BODY = YES;
				CLANG_WARN_ENUM_CONVERSION = YES;
				CLANG_WARN_INFINITE_RECURSION = YES;
				CLANG_WARN_INT_CONVERSION = YES;
				CLANG_WARN_OBJC_ROOT_CLASS = YES_ERROR;
				CLANG_WARN_SUSPICIOUS_MOVE = YES;
				CLANG_WARN_UNREACHABLE_CODE = YES;
				CLANG_WARN__DUPLICATE_METHOD_MATCH = YES;
				CODE_SIGN_IDENTITY = "-";
				COPY_PHASE_STRIP = NO;
				DEBUG_INFORMATION_FORMAT = "dwarf-with-dsym";
				ENABLE_NS_ASSERTIONS = NO;
				ENABLE_STRICT_OBJC_MSGSEND = YES;
				GCC_C_LANGUAGE_STANDARD = gnu99;
				GCC_NO_COMMON_BLOCKS = YES;
				GCC_WARN_64_TO_32_BIT_CONVERSION = YES;
				GCC_WARN_ABOUT_RETURN_TYPE = YES_ERROR;
				GCC_WARN_UNDECLARED_SELECTOR = YES;
				GCC_WARN_UNINITIALIZED_AUTOS = YES_AGGRESSIVE;
				GCC_WARN_UNUSED_FUNCTION = YES;
				GCC_WARN_UNUSED_VARIABLE = YES;
				MACOSX_DEPLOYMENT_TARGET = 10.12;
				MTL_ENABLE_DEBUG_INFO = NO;
				SDKROOT = macosx;
			};
			name = Release;
		};
		107938A11F3B7529000F287A /* Debug */ = {
			isa = XCBuildConfiguration;
			buildSettings = {
				PRODUCT_NAME = "$(TARGET_NAME)";
			};
			name = Debug;
		};
		107938A21F3B7529000F287A /* Release */ = {
			isa = XCBuildConfiguration;
			buildSettings = {
				PRODUCT_NAME = "$(TARGET_NAME)";
			};
			name = Release;
		};
/* End XCBuildConfiguration section */

/* Begin XCConfigurationList section */
		107938941F3B7529000F287A /* Build configuration list for PBXProject "MLDesignPatterns-OC" */ = {
			isa = XCConfigurationList;
			buildConfigurations = (
				1079389E1F3B7529000F287A /* Debug */,
				1079389F1F3B7529000F287A /* Release */,
			);
			defaultConfigurationIsVisible = 0;
			defaultConfigurationName = Release;
		};
		107938A01F3B7529000F287A /* Build configuration list for PBXNativeTarget "MLDesignPatterns-OC" */ = {
			isa = XCConfigurationList;
			buildConfigurations = (
				107938A11F3B7529000F287A /* Debug */,
				107938A21F3B7529000F287A /* Release */,
			);
			defaultConfigurationIsVisible = 0;
			defaultConfigurationName = Release;
		};
/* End XCConfigurationList section */
	};
	rootObject = 107938911F3B7529000F287A /* Project object */;
}
