// !$*UTF8*$!
{
	archiveVersion = 1;
	classes = {
	};
	objectVersion = 46;
	objects = {

/* Begin PBXContainerItemProxy section */
		1079382B1F3B6E80000F287A /* PBXContainerItemProxy */ = {
			isa = PBXContainerItemProxy;
			containerPortal = 107938091F3B6E80000F287A /* Project object */;
			proxyType = 1;
			remoteGlobalIDString = 107938101F3B6E80000F287A;
			remoteInfo = MLDesignPatterns;
		};
		107938361F3B6E80000F287A /* PBXContainerItemProxy */ = {
			isa = PBXContainerItemProxy;
			containerPortal = 107938091F3B6E80000F287A /* Project object */;
			proxyType = 1;
			remoteGlobalIDString = 107938101F3B6E80000F287A;
			remoteInfo = MLDesignPatterns;
		};
/* End PBXContainerItemProxy section */

/* Begin PBXFileReference section */
		1079388A1F3B73E8000F287A /* MLDesignPatterns.app */ = {isa = PBXFileReference; explicitFileType = wrapper.application; includeInIndex = 0; name = MLDesignPatterns.app; path = "/Users/mjpc/gitCode/DesignPatterns/MLDesignPatterns/build/Debug-iphoneos/MLDesignPatterns.app"; sourceTree = "<absolute>"; };
		1079388B1F3B73E8000F287A /* MLDesignPatternsTests.xctest */ = {isa = PBXFileReference; explicitFileType = wrapper.cfbundle; includeInIndex = 0; name = MLDesignPatternsTests.xctest; path = "/Users/mjpc/gitCode/DesignPatterns/MLDesignPatterns/build/Debug-iphoneos/MLDesignPatternsTests.xctest"; sourceTree = "<absolute>"; };
		1079388C1F3B73E8000F287A /* MLDesignPatternsUITests.xctest */ = {isa = PBXFileReference; explicitFileType = wrapper.cfbundle; includeInIndex = 0; name = MLDesignPatternsUITests.xctest; path = "/Users/mjpc/gitCode/DesignPatterns/MLDesignPatterns/build/Debug-iphoneos/MLDesignPatternsUITests.xctest"; sourceTree = "<absolute>"; };
/* End PBXFileReference section */

/* Begin PBXFrameworksBuildPhase section */
		1079380E1F3B6E80000F287A /* Frameworks */ = {
			isa = PBXFrameworksBuildPhase;
			buildActionMask = 2147483647;
			files = (
			);
			runOnlyForDeploymentPostprocessing = 0;
		};
		107938271F3B6E80000F287A /* Frameworks */ = {
			isa = PBXFrameworksBuildPhase;
			buildActionMask = 2147483647;
			files = (
			);
			runOnlyForDeploymentPostprocessing = 0;
		};
		107938321F3B6E80000F287A /* Frameworks */ = {
			isa = PBXFrameworksBuildPhase;
			buildActionMask = 2147483647;
			files = (
			);
			runOnlyForDeploymentPostprocessing = 0;
		};
/* End PBXFrameworksBuildPhase section */

/* Begin PBXGroup section */
		107938081F3B6E80000F287A = {
			isa = PBXGroup;
			children = (
				107938131F3B6E80000F287A /* MLDesignPatterns */,
			);
			sourceTree = "<group>";
		};
		107938131F3B6E80000F287A /* MLDesignPatterns */ = {
			isa = PBXGroup;
			children = (
				107938731F3B73AD000F287A /* AbstractFactory */,
				107938741F3B73AD000F287A /* Adapter */,
				107938751F3B73AD000F287A /* Bridge */,
				107938761F3B73AD000F287A /* Builder */,
				107938771F3B73AD000F287A /* ChainOfResponsibility */,
				107938781F3B73AD000F287A /* Command */,
				107938791F3B73AD000F287A /* Composite */,
				1079387A1F3B73AD000F287A /* Decorator */,
				1079387B1F3B73AD000F287A /* Facade */,
				1079387C1F3B73AD000F287A /* FactoryMethod */,
				1079387D1F3B73AD000F287A /* Flyweight */,
				1079387E1F3B73AD000F287A /* Interpreter */,
				1079387F1F3B73AD000F287A /* Iterator */,
				107938801F3B73AD000F287A /* Mediator */,
				107938811F3B73AD000F287A /* Memento */,
				107938821F3B73AD000F287A /* Observer */,
				107938831F3B73AD000F287A /* Prototype */,
				107938841F3B73AD000F287A /* Proxy */,
				107938851F3B73AD000F287A /* Singleton */,
				107938861F3B73AD000F287A /* State */,
				107938871F3B73AD000F287A /* Strategy */,
				107938881F3B73AD000F287A /* TemplateMethod */,
				107938891F3B73AD000F287A /* Visitor */,
			);
			path = MLDesignPatterns;
			sourceTree = "<group>";
		};
		107938731F3B73AD000F287A /* AbstractFactory */ = {
			isa = PBXGroup;
			children = (
			);
			path = AbstractFactory;
			sourceTree = "<group>";
		};
		107938741F3B73AD000F287A /* Adapter */ = {
			isa = PBXGroup;
			children = (
			);
			path = Adapter;
			sourceTree = "<group>";
		};
		107938751F3B73AD000F287A /* Bridge */ = {
			isa = PBXGroup;
			children = (
			);
			path = Bridge;
			sourceTree = "<group>";
		};
		107938761F3B73AD000F287A /* Builder */ = {
			isa = PBXGroup;
			children = (
			);
			path = Builder;
			sourceTree = "<group>";
		};
		107938771F3B73AD000F287A /* ChainOfResponsibility */ = {
			isa = PBXGroup;
			children = (
			);
			path = ChainOfResponsibility;
			sourceTree = "<group>";
		};
		107938781F3B73AD000F287A /* Command */ = {
			isa = PBXGroup;
			children = (
			);
			path = Command;
			sourceTree = "<group>";
		};
		107938791F3B73AD000F287A /* Composite */ = {
			isa = PBXGroup;
			children = (
			);
			path = Composite;
			sourceTree = "<group>";
		};
		1079387A1F3B73AD000F287A /* Decorator */ = {
			isa = PBXGroup;
			children = (
			);
			path = Decorator;
			sourceTree = "<group>";
		};
		1079387B1F3B73AD000F287A /* Facade */ = {
			isa = PBXGroup;
			children = (
			);
			path = Facade;
			sourceTree = "<group>";
		};
		1079387C1F3B73AD000F287A /* FactoryMethod */ = {
			isa = PBXGroup;
			children = (
			);
			path = FactoryMethod;
			sourceTree = "<group>";
		};
		1079387D1F3B73AD000F287A /* Flyweight */ = {
			isa = PBXGroup;
			children = (
			);
			path = Flyweight;
			sourceTree = "<group>";
		};
		1079387E1F3B73AD000F287A /* Interpreter */ = {
			isa = PBXGroup;
			children = (
			);
			path = Interpreter;
			sourceTree = "<group>";
		};
		1079387F1F3B73AD000F287A /* Iterator */ = {
			isa = PBXGroup;
			children = (
			);
			path = Iterator;
			sourceTree = "<group>";
		};
		107938801F3B73AD000F287A /* Mediator */ = {
			isa = PBXGroup;
			children = (
			);
			path = Mediator;
			sourceTree = "<group>";
		};
		107938811F3B73AD000F287A /* Memento */ = {
			isa = PBXGroup;
			children = (
			);
			path = Memento;
			sourceTree = "<group>";
		};
		107938821F3B73AD000F287A /* Observer */ = {
			isa = PBXGroup;
			children = (
			);
			path = Observer;
			sourceTree = "<group>";
		};
		107938831F3B73AD000F287A /* Prototype */ = {
			isa = PBXGroup;
			children = (
			);
			path = Prototype;
			sourceTree = "<group>";
		};
		107938841F3B73AD000F287A /* Proxy */ = {
			isa = PBXGroup;
			children = (
			);
			path = Proxy;
			sourceTree = "<group>";
		};
		107938851F3B73AD000F287A /* Singleton */ = {
			isa = PBXGroup;
			children = (
			);
			path = Singleton;
			sourceTree = "<group>";
		};
		107938861F3B73AD000F287A /* State */ = {
			isa = PBXGroup;
			children = (
			);
			path = State;
			sourceTree = "<group>";
		};
		107938871F3B73AD000F287A /* Strategy */ = {
			isa = PBXGroup;
			children = (
			);
			path = Strategy;
			sourceTree = "<group>";
		};
		107938881F3B73AD000F287A /* TemplateMethod */ = {
			isa = PBXGroup;
			children = (
			);
			path = TemplateMethod;
			sourceTree = "<group>";
		};
		107938891F3B73AD000F287A /* Visitor */ = {
			isa = PBXGroup;
			children = (
			);
			path = Visitor;
			sourceTree = "<group>";
		};
/* End PBXGroup section */

/* Begin PBXNativeTarget section */
		107938101F3B6E80000F287A /* MLDesignPatterns */ = {
			isa = PBXNativeTarget;
			buildConfigurationList = 1079383E1F3B6E80000F287A /* Build configuration list for PBXNativeTarget "MLDesignPatterns" */;
			buildPhases = (
				1079380D1F3B6E80000F287A /* Sources */,
				1079380E1F3B6E80000F287A /* Frameworks */,
				1079380F1F3B6E80000F287A /* Resources */,
			);
			buildRules = (
			);
			dependencies = (
			);
			name = MLDesignPatterns;
			productName = MLDesignPatterns;
			productReference = 1079388A1F3B73E8000F287A /* MLDesignPatterns.app */;
			productType = "com.apple.product-type.application";
		};
		107938291F3B6E80000F287A /* MLDesignPatternsTests */ = {
			isa = PBXNativeTarget;
			buildConfigurationList = 107938411F3B6E80000F287A /* Build configuration list for PBXNativeTarget "MLDesignPatternsTests" */;
			buildPhases = (
				107938261F3B6E80000F287A /* Sources */,
				107938271F3B6E80000F287A /* Frameworks */,
				107938281F3B6E80000F287A /* Resources */,
			);
			buildRules = (
			);
			dependencies = (
				1079382C1F3B6E80000F287A /* PBXTargetDependency */,
			);
			name = MLDesignPatternsTests;
			productName = MLDesignPatternsTests;
			productReference = 1079388B1F3B73E8000F287A /* MLDesignPatternsTests.xctest */;
			productType = "com.apple.product-type.bundle.unit-test";
		};
		107938341F3B6E80000F287A /* MLDesignPatternsUITests */ = {
			isa = PBXNativeTarget;
			buildConfigurationList = 107938441F3B6E80000F287A /* Build configuration list for PBXNativeTarget "MLDesignPatternsUITests" */;
			buildPhases = (
				107938311F3B6E80000F287A /* Sources */,
				107938321F3B6E80000F287A /* Frameworks */,
				107938331F3B6E80000F287A /* Resources */,
			);
			buildRules = (
			);
			dependencies = (
				107938371F3B6E80000F287A /* PBXTargetDependency */,
			);
			name = MLDesignPatternsUITests;
			productName = MLDesignPatternsUITests;
			productReference = 1079388C1F3B73E8000F287A /* MLDesignPatternsUITests.xctest */;
			productType = "com.apple.product-type.bundle.ui-testing";
		};
/* End PBXNativeTarget section */

/* Begin PBXProject section */
		107938091F3B6E80000F287A /* Project object */ = {
			isa = PBXProject;
			attributes = {
				LastUpgradeCheck = 0830;
				ORGANIZATIONNAME = mali;
				TargetAttributes = {
					107938101F3B6E80000F287A = {
						CreatedOnToolsVersion = 8.3.3;
						ProvisioningStyle = Automatic;
					};
					107938291F3B6E80000F287A = {
						CreatedOnToolsVersion = 8.3.3;
						ProvisioningStyle = Automatic;
						TestTargetID = 107938101F3B6E80000F287A;
					};
					107938341F3B6E80000F287A = {
						CreatedOnToolsVersion = 8.3.3;
						ProvisioningStyle = Automatic;
						TestTargetID = 107938101F3B6E80000F287A;
					};
				};
			};
			buildConfigurationList = 1079380C1F3B6E80000F287A /* Build configuration list for PBXProject "MLDesignPatterns" */;
			compatibilityVersion = "Xcode 3.2";
			developmentRegion = English;
			hasScannedForEncodings = 0;
			knownRegions = (
				en,
				Base,
			);
			mainGroup = 107938081F3B6E80000F287A;
			productRefGroup = 107938081F3B6E80000F287A;
			projectDirPath = "";
			projectRoot = "";
			targets = (
				107938101F3B6E80000F287A /* MLDesignPatterns */,
				107938291F3B6E80000F287A /* MLDesignPatternsTests */,
				107938341F3B6E80000F287A /* MLDesignPatternsUITests */,
			);
		};
/* End PBXProject section */

/* Begin PBXResourcesBuildPhase section */
		1079380F1F3B6E80000F287A /* Resources */ = {
			isa = PBXResourcesBuildPhase;
			buildActionMask = 2147483647;
			files = (
			);
			runOnlyForDeploymentPostprocessing = 0;
		};
		107938281F3B6E80000F287A /* Resources */ = {
			isa = PBXResourcesBuildPhase;
			buildActionMask = 2147483647;
			files = (
			);
			runOnlyForDeploymentPostprocessing = 0;
		};
		107938331F3B6E80000F287A /* Resources */ = {
			isa = PBXResourcesBuildPhase;
			buildActionMask = 2147483647;
			files = (
			);
			runOnlyForDeploymentPostprocessing = 0;
		};
/* End PBXResourcesBuildPhase section */

/* Begin PBXSourcesBuildPhase section */
		1079380D1F3B6E80000F287A /* Sources */ = {
			isa = PBXSourcesBuildPhase;
			buildActionMask = 2147483647;
			files = (
			);
			runOnlyForDeploymentPostprocessing = 0;
		};
		107938261F3B6E80000F287A /* Sources */ = {
			isa = PBXSourcesBuildPhase;
			buildActionMask = 2147483647;
			files = (
			);
			runOnlyForDeploymentPostprocessing = 0;
		};
		107938311F3B6E80000F287A /* Sources */ = {
			isa = PBXSourcesBuildPhase;
			buildActionMask = 2147483647;
			files = (
			);
			runOnlyForDeploymentPostprocessing = 0;
		};
/* End PBXSourcesBuildPhase section */

/* Begin PBXTargetDependency section */
		1079382C1F3B6E80000F287A /* PBXTargetDependency */ = {
			isa = PBXTargetDependency;
			target = 107938101F3B6E80000F287A /* MLDesignPatterns */;
			targetProxy = 1079382B1F3B6E80000F287A /* PBXContainerItemProxy */;
		};
		107938371F3B6E80000F287A /* PBXTargetDependency */ = {
			isa = PBXTargetDependency;
			target = 107938101F3B6E80000F287A /* MLDesignPatterns */;
			targetProxy = 107938361F3B6E80000F287A /* PBXContainerItemProxy */;
		};
/* End PBXTargetDependency section */

/* Begin XCBuildConfiguration section */
		1079383C1F3B6E80000F287A /* Debug */ = {
			isa = XCBuildConfiguration;
			buildSettings = {
				ALWAYS_SEARCH_USER_PATHS = NO;
				CLANG_ANALYZER_NONNULL = YES;
				CLANG_ANALYZER_NUMBER_OBJECT_CONVERSION = YES_AGGRESSIVE;
				CLANG_CXX_LANGUAGE_STANDARD = "gnu++0x";
				CLANG_CXX_LIBRARY = "libc++";
				CLANG_ENABLE_MODULES = YES;
				CLANG_ENABLE_OBJC_ARC = YES;
				CLANG_WARN_BOOL_CONVERSION = YES;
				CLANG_WARN_CONSTANT_CONVERSION = YES;
				CLANG_WARN_DIRECT_OBJC_ISA_USAGE = YES_ERROR;
				CLANG_WARN_DOCUMENTATION_COMMENTS = YES;
				CLANG_WARN_EMPTY_BODY = YES;
				CLANG_WARN_ENUM_CONVERSION = YES;
				CLANG_WARN_INFINITE_RECURSION = YES;
				CLANG_WARN_INT_CONVERSION = YES;
				CLANG_WARN_OBJC_ROOT_CLASS = YES_ERROR;
				CLANG_WARN_SUSPICIOUS_MOVE = YES;
				CLANG_WARN_UNREACHABLE_CODE = YES;
				CLANG_WARN__DUPLICATE_METHOD_MATCH = YES;
				"CODE_SIGN_IDENTITY[sdk=iphoneos*]" = "iPhone Developer";
				COPY_PHASE_STRIP = NO;
				DEBUG_INFORMATION_FORMAT = dwarf;
				ENABLE_STRICT_OBJC_MSGSEND = YES;
				ENABLE_TESTABILITY = YES;
				GCC_C_LANGUAGE_STANDARD = gnu99;
				GCC_DYNAMIC_NO_PIC = NO;
				GCC_NO_COMMON_BLOCKS = YES;
				GCC_OPTIMIZATION_LEVEL = 0;
				GCC_PREPROCESSOR_DEFINITIONS = (
					"DEBUG=1",
					"$(inherited)",
				);
				GCC_WARN_64_TO_32_BIT_CONVERSION = YES;
				GCC_WARN_ABOUT_RETURN_TYPE = YES_ERROR;
				GCC_WARN_UNDECLARED_SELECTOR = YES;
				GCC_WARN_UNINITIALIZED_AUTOS = YES_AGGRESSIVE;
				GCC_WARN_UNUSED_FUNCTION = YES;
				GCC_WARN_UNUSED_VARIABLE = YES;
				IPHONEOS_DEPLOYMENT_TARGET = 10.3;
				MTL_ENABLE_DEBUG_INFO = YES;
				ONLY_ACTIVE_ARCH = YES;
				SDKROOT = iphoneos;
			};
			name = Debug;
		};
		1079383D1F3B6E80000F287A /* Release */ = {
			isa = XCBuildConfiguration;
			buildSettings = {
				ALWAYS_SEARCH_USER_PATHS = NO;
				CLANG_ANALYZER_NONNULL = YES;
				CLANG_ANALYZER_NUMBER_OBJECT_CONVERSION = YES_AGGRESSIVE;
				CLANG_CXX_LANGUAGE_STANDARD = "gnu++0x";
				CLANG_CXX_LIBRARY = "libc++";
				CLANG_ENABLE_MODULES = YES;
				CLANG_ENABLE_OBJC_ARC = YES;
				CLANG_WARN_BOOL_CONVERSION = YES;
				CLANG_WARN_CONSTANT_CONVERSION = YES;
				CLANG_WARN_DIRECT_OBJC_ISA_USAGE = YES_ERROR;
				CLANG_WARN_DOCUMENTATION_COMMENTS = YES;
				CLANG_WARN_EMPTY_BODY = YES;
				CLANG_WARN_ENUM_CONVERSION = YES;
				CLANG_WARN_INFINITE_RECURSION = YES;
				CLANG_WARN_INT_CONVERSION = YES;
				CLANG_WARN_OBJC_ROOT_CLASS = YES_ERROR;
				CLANG_WARN_SUSPICIOUS_MOVE = YES;
				CLANG_WARN_UNREACHABLE_CODE = YES;
				CLANG_WARN__DUPLICATE_METHOD_MATCH = YES;
				"CODE_SIGN_IDENTITY[sdk=iphoneos*]" = "iPhone Developer";
				COPY_PHASE_STRIP = NO;
				DEBUG_INFORMATION_FORMAT = "dwarf-with-dsym";
				ENABLE_NS_ASSERTIONS = NO;
				ENABLE_STRICT_OBJC_MSGSEND = YES;
				GCC_C_LANGUAGE_STANDARD = gnu99;
				GCC_NO_COMMON_BLOCKS = YES;
				GCC_WARN_64_TO_32_BIT_CONVERSION = YES;
				GCC_WARN_ABOUT_RETURN_TYPE = YES_ERROR;
				GCC_WARN_UNDECLARED_SELECTOR = YES;
				GCC_WARN_UNINITIALIZED_AUTOS = YES_AGGRESSIVE;
				GCC_WARN_UNUSED_FUNCTION = YES;
				GCC_WARN_UNUSED_VARIABLE = YES;
				IPHONEOS_DEPLOYMENT_TARGET = 10.3;
				MTL_ENABLE_DEBUG_INFO = NO;
				SDKROOT = iphoneos;
				VALIDATE_PRODUCT = YES;
			};
			name = Release;
		};
		1079383F1F3B6E80000F287A /* Debug */ = {
			isa = XCBuildConfiguration;
			buildSettings = {
				ASSETCATALOG_COMPILER_APPICON_NAME = AppIcon;
				INFOPLIST_FILE = MLDesignPatterns/Info.plist;
				LD_RUNPATH_SEARCH_PATHS = "$(inherited) @executable_path/Frameworks";
				PRODUCT_BUNDLE_IDENTIFIER = com.SuperMario.MLDesignPatterns;
				PRODUCT_NAME = "$(TARGET_NAME)";
			};
			name = Debug;
		};
		107938401F3B6E80000F287A /* Release */ = {
			isa = XCBuildConfiguration;
			buildSettings = {
				ASSETCATALOG_COMPILER_APPICON_NAME = AppIcon;
				INFOPLIST_FILE = MLDesignPatterns/Info.plist;
				LD_RUNPATH_SEARCH_PATHS = "$(inherited) @executable_path/Frameworks";
				PRODUCT_BUNDLE_IDENTIFIER = com.SuperMario.MLDesignPatterns;
				PRODUCT_NAME = "$(TARGET_NAME)";
			};
			name = Release;
		};
		107938421F3B6E80000F287A /* Debug */ = {
			isa = XCBuildConfiguration;
			buildSettings = {
				BUNDLE_LOADER = "$(TEST_HOST)";
				INFOPLIST_FILE = MLDesignPatternsTests/Info.plist;
				LD_RUNPATH_SEARCH_PATHS = "$(inherited) @executable_path/Frameworks @loader_path/Frameworks";
				PRODUCT_BUNDLE_IDENTIFIER = com.SuperMario.MLDesignPatternsTests;
				PRODUCT_NAME = "$(TARGET_NAME)";
				TEST_HOST = "$(BUILT_PRODUCTS_DIR)/MLDesignPatterns.app/MLDesignPatterns";
			};
			name = Debug;
		};
		107938431F3B6E80000F287A /* Release */ = {
			isa = XCBuildConfiguration;
			buildSettings = {
				BUNDLE_LOADER = "$(TEST_HOST)";
				INFOPLIST_FILE = MLDesignPatternsTests/Info.plist;
				LD_RUNPATH_SEARCH_PATHS = "$(inherited) @executable_path/Frameworks @loader_path/Frameworks";
				PRODUCT_BUNDLE_IDENTIFIER = com.SuperMario.MLDesignPatternsTests;
				PRODUCT_NAME = "$(TARGET_NAME)";
				TEST_HOST = "$(BUILT_PRODUCTS_DIR)/MLDesignPatterns.app/MLDesignPatterns";
			};
			name = Release;
		};
		107938451F3B6E80000F287A /* Debug */ = {
			isa = XCBuildConfiguration;
			buildSettings = {
				INFOPLIST_FILE = MLDesignPatternsUITests/Info.plist;
				LD_RUNPATH_SEARCH_PATHS = "$(inherited) @executable_path/Frameworks @loader_path/Frameworks";
				PRODUCT_BUNDLE_IDENTIFIER = com.SuperMario.MLDesignPatternsUITests;
				PRODUCT_NAME = "$(TARGET_NAME)";
				TEST_TARGET_NAME = MLDesignPatterns;
			};
			name = Debug;
		};
		107938461F3B6E80000F287A /* Release */ = {
			isa = XCBuildConfiguration;
			buildSettings = {
				INFOPLIST_FILE = MLDesignPatternsUITests/Info.plist;
				LD_RUNPATH_SEARCH_PATHS = "$(inherited) @executable_path/Frameworks @loader_path/Frameworks";
				PRODUCT_BUNDLE_IDENTIFIER = com.SuperMario.MLDesignPatternsUITests;
				PRODUCT_NAME = "$(TARGET_NAME)";
				TEST_TARGET_NAME = MLDesignPatterns;
			};
			name = Release;
		};
/* End XCBuildConfiguration section */

/* Begin XCConfigurationList section */
		1079380C1F3B6E80000F287A /* Build configuration list for PBXProject "MLDesignPatterns" */ = {
			isa = XCConfigurationList;
			buildConfigurations = (
				1079383C1F3B6E80000F287A /* Debug */,
				1079383D1F3B6E80000F287A /* Release */,
			);
			defaultConfigurationIsVisible = 0;
			defaultConfigurationName = Release;
		};
		1079383E1F3B6E80000F287A /* Build configuration list for PBXNativeTarget "MLDesignPatterns" */ = {
			isa = XCConfigurationList;
			buildConfigurations = (
				1079383F1F3B6E80000F287A /* Debug */,
				107938401F3B6E80000F287A /* Release */,
			);
			defaultConfigurationIsVisible = 0;
			defaultConfigurationName = Release;
		};
		107938411F3B6E80000F287A /* Build configuration list for PBXNativeTarget "MLDesignPatternsTests" */ = {
			isa = XCConfigurationList;
			buildConfigurations = (
				107938421F3B6E80000F287A /* Debug */,
				107938431F3B6E80000F287A /* Release */,
			);
			defaultConfigurationIsVisible = 0;
			defaultConfigurationName = Release;
		};
		107938441F3B6E80000F287A /* Build configuration list for PBXNativeTarget "MLDesignPatternsUITests" */ = {
			isa = XCConfigurationList;
			buildConfigurations = (
				107938451F3B6E80000F287A /* Debug */,
				107938461F3B6E80000F287A /* Release */,
			);
			defaultConfigurationIsVisible = 0;
			defaultConfigurationName = Release;
		};
/* End XCConfigurationList section */
	};
	rootObject = 107938091F3B6E80000F287A /* Project object */;
}
